
Microsoft Visual Studio Solution File, Format Version 12.00
# Visual Studio Version 17
VisualStudioVersion = 17.10.35013.160
MinimumVisualStudioVersion = 10.0.40219.1
Project("{9A19103F-16F7-4668-BE54-9A1E7A4F7556}") = "RedditTopPostsAndUsers", "RedditTopPostsAndUsers\RedditTopPostsAndUsers.csproj", "{A96DDD98-F14A-4348-BE5E-AEC54040E6B2}"
EndProject
Project("{FAE04EC0-301F-11D3-BF4B-00C04F79EFBC}") = "RedditTopPostsAndUsers.Tests", "RedditTopPostsAndUsers.Tests\RedditTopPostsAndUsers.Tests.csproj", "{6146670D-7B0B-4C43-B6A8-2B4BEAEEF7D0}"
EndProject
Global
	GlobalSection(SolutionConfigurationPlatforms) = preSolution
		Debug|Any CPU = Debug|Any CPU
		Release|Any CPU = Release|Any CPU
	EndGlobalSection
	GlobalSection(ProjectConfigurationPlatforms) = postSolution
		{A96DDD98-F14A-4348-BE5E-AEC54040E6B2}.Debug|Any CPU.ActiveCfg = Debug|Any CPU
		{A96DDD98-F14A-4348-BE5E-AEC54040E6B2}.Debug|Any CPU.Build.0 = Debug|Any CPU
		{A96DDD98-F14A-4348-BE5E-AEC54040E6B2}.Release|Any CPU.ActiveCfg = Release|Any CPU
		{A96DDD98-F14A-4348-BE5E-AEC54040E6B2}.Release|Any CPU.Build.0 = Release|Any CPU
		{6146670D-7B0B-4C43-B6A8-2B4BEAEEF7D0}.Debug|Any CPU.ActiveCfg = Debug|Any CPU
		{6146670D-7B0B-4C43-B6A8-2B4BEAEEF7D0}.Debug|Any CPU.Build.0 = Debug|Any CPU
		{6146670D-7B0B-4C43-B6A8-2B4BEAEEF7D0}.Release|Any CPU.ActiveCfg = Release|Any CPU
		{6146670D-7B0B-4C43-B6A8-2B4BEAEEF7D0}.Release|Any CPU.Build.0 = Release|Any CPU
	EndGlobalSection
	GlobalSection(SolutionProperties) = preSolution
		HideSolutionNode = FALSE
	EndGlobalSection
	GlobalSection(ExtensibilityGlobals) = postSolution
		SolutionGuid = {FEEC6098-D3C7-4E31-8DAD-B08840338592}
	EndGlobalSection
EndGlobal
